
Microsoft Visual Studio Solution File, Format Version 12.00
# Visual Studio 15
VisualStudioVersion = 15.0.26730.16
MinimumVisualStudioVersion = 10.0.40219.1
Project("{FAE04EC0-301F-11D3-BF4B-00C04F79EFBC}") = "Fogvent.Security", "Fogvent.Security\Fogvent.Security.csproj", "{6B80FACA-8570-456A-A412-DCD3EDBCBDE0}"
EndProject
Project("{FAE04EC0-301F-11D3-BF4B-00C04F79EFBC}") = "Fogvent.Data.Common", "Fogvent.Data.Common\Fogvent.Data.Common.csproj", "{0DBEF9BD-4564-4B0B-8F3D-9E115E3CE713}"
EndProject
Project("{FAE04EC0-301F-11D3-BF4B-00C04F79EFBC}") = "Fogvent.Data.SQL", "Fogvent.Data.SQL\Fogvent.Data.SQL.csproj", "{AD0A5131-D1FB-479F-82DA-5C1E2B88E9CF}"
EndProject
Project("{FAE04EC0-301F-11D3-BF4B-00C04F79EFBC}") = "Fogvent.Models", "Fogvent.Models\Fogvent.Models.csproj", "{BBEBD9ED-D541-40C2-A919-E160938B7440}"
EndProject
Project("{FAE04EC0-301F-11D3-BF4B-00C04F79EFBC}") = "Fogvent.Core", "Fogvent.Core\Fogvent.Core.csproj", "{D4248D0B-C170-4FD0-A8D9-8192AF42FB28}"
EndProject
Project("{2150E333-8FDC-42A3-9474-1A3956D46DE8}") = "Data", "Data", "{B3E31FE3-BB32-4CCD-B6B2-A2BCB354B0CE}"
EndProject
Project("{2150E333-8FDC-42A3-9474-1A3956D46DE8}") = "Libraries", "Libraries", "{2A690EAC-22D0-4917-86A4-7621788174A0}"
EndProject
Project("{2150E333-8FDC-42A3-9474-1A3956D46DE8}") = "Tests", "Tests", "{4D7A8EC2-EE0C-4A54-94B4-2C20F5530E2A}"
EndProject
Project("{2150E333-8FDC-42A3-9474-1A3956D46DE8}") = "Services", "Services", "{60469785-031D-479B-87BA-D776D8A5FA9C}"
EndProject
Project("{2150E333-8FDC-42A3-9474-1A3956D46DE8}") = "Plugins", "Plugins", "{F99375EE-5102-4009-B483-9FCA928A4555}"
EndProject
Project("{2150E333-8FDC-42A3-9474-1A3956D46DE8}") = "Presentation", "Presentation", "{8D2DD56B-D256-48F6-B695-43AD749BF54F}"
EndProject
Project("{FAE04EC0-301F-11D3-BF4B-00C04F79EFBC}") = "Fogvent.Data.Repositories", "Fogvent.Data.Repositories\Fogvent.Data.Repositories.csproj", "{D1AB2211-62FD-4989-A5F9-11CA83322768}"
EndProject
Project("{FAE04EC0-301F-11D3-BF4B-00C04F79EFBC}") = "Fogvent.Data.Tests", "Fogvent.Test.Data\Fogvent.Data.Tests.csproj", "{6324370B-EE3F-43FF-87F8-CB7BD52E539F}"
EndProject
Project("{FAE04EC0-301F-11D3-BF4B-00C04F79EFBC}") = "Fogvent.Repositories.Test", "Fogvent.Test.Repositories\Fogvent.Repositories.Test.csproj", "{2580DAA1-4D9C-46B1-AE9A-3BAFAE7768B8}"
EndProject
Project("{FAE04EC0-301F-11D3-BF4B-00C04F79EFBC}") = "Fogvent.CrossCutting", "Fogvent.CrossCutting\Fogvent.CrossCutting.csproj", "{E828A29A-9963-4810-B37F-74E6DDC62FFE}"
EndProject
Project("{2150E333-8FDC-42A3-9474-1A3956D46DE8}") = "Diagrams", "Diagrams", "{73F84B5F-30CA-4537-9327-F1EA7A2E074A}"
EndProject
Project("{FAE04EC0-301F-11D3-BF4B-00C04F79EFBC}") = "Fogvent.API", "Fogvent.API\Fogvent.API.csproj", "{5483B09D-C2CC-45A9-8E5F-E60A56098903}"
EndProject
Global
	GlobalSection(SolutionConfigurationPlatforms) = preSolution
		Debug|Any CPU = Debug|Any CPU
		Release|Any CPU = Release|Any CPU
	EndGlobalSection
	GlobalSection(ProjectConfigurationPlatforms) = postSolution
		{6B80FACA-8570-456A-A412-DCD3EDBCBDE0}.Debug|Any CPU.ActiveCfg = Debug|Any CPU
		{6B80FACA-8570-456A-A412-DCD3EDBCBDE0}.Debug|Any CPU.Build.0 = Debug|Any CPU
		{6B80FACA-8570-456A-A412-DCD3EDBCBDE0}.Release|Any CPU.ActiveCfg = Release|Any CPU
		{6B80FACA-8570-456A-A412-DCD3EDBCBDE0}.Release|Any CPU.Build.0 = Release|Any CPU
		{0DBEF9BD-4564-4B0B-8F3D-9E115E3CE713}.Debug|Any CPU.ActiveCfg = Debug|Any CPU
		{0DBEF9BD-4564-4B0B-8F3D-9E115E3CE713}.Debug|Any CPU.Build.0 = Debug|Any CPU
		{0DBEF9BD-4564-4B0B-8F3D-9E115E3CE713}.Release|Any CPU.ActiveCfg = Release|Any CPU
		{0DBEF9BD-4564-4B0B-8F3D-9E115E3CE713}.Release|Any CPU.Build.0 = Release|Any CPU
		{AD0A5131-D1FB-479F-82DA-5C1E2B88E9CF}.Debug|Any CPU.ActiveCfg = Debug|Any CPU
		{AD0A5131-D1FB-479F-82DA-5C1E2B88E9CF}.Debug|Any CPU.Build.0 = Debug|Any CPU
		{AD0A5131-D1FB-479F-82DA-5C1E2B88E9CF}.Release|Any CPU.ActiveCfg = Release|Any CPU
		{AD0A5131-D1FB-479F-82DA-5C1E2B88E9CF}.Release|Any CPU.Build.0 = Release|Any CPU
		{BBEBD9ED-D541-40C2-A919-E160938B7440}.Debug|Any CPU.ActiveCfg = Debug|Any CPU
		{BBEBD9ED-D541-40C2-A919-E160938B7440}.Debug|Any CPU.Build.0 = Debug|Any CPU
		{BBEBD9ED-D541-40C2-A919-E160938B7440}.Release|Any CPU.ActiveCfg = Release|Any CPU
		{BBEBD9ED-D541-40C2-A919-E160938B7440}.Release|Any CPU.Build.0 = Release|Any CPU
		{D4248D0B-C170-4FD0-A8D9-8192AF42FB28}.Debug|Any CPU.ActiveCfg = Debug|Any CPU
		{D4248D0B-C170-4FD0-A8D9-8192AF42FB28}.Debug|Any CPU.Build.0 = Debug|Any CPU
		{D4248D0B-C170-4FD0-A8D9-8192AF42FB28}.Release|Any CPU.ActiveCfg = Release|Any CPU
		{D4248D0B-C170-4FD0-A8D9-8192AF42FB28}.Release|Any CPU.Build.0 = Release|Any CPU
		{D1AB2211-62FD-4989-A5F9-11CA83322768}.Debug|Any CPU.ActiveCfg = Debug|Any CPU
		{D1AB2211-62FD-4989-A5F9-11CA83322768}.Debug|Any CPU.Build.0 = Debug|Any CPU
		{D1AB2211-62FD-4989-A5F9-11CA83322768}.Release|Any CPU.ActiveCfg = Release|Any CPU
		{D1AB2211-62FD-4989-A5F9-11CA83322768}.Release|Any CPU.Build.0 = Release|Any CPU
		{6324370B-EE3F-43FF-87F8-CB7BD52E539F}.Debug|Any CPU.ActiveCfg = Debug|Any CPU
		{6324370B-EE3F-43FF-87F8-CB7BD52E539F}.Debug|Any CPU.Build.0 = Debug|Any CPU
		{6324370B-EE3F-43FF-87F8-CB7BD52E539F}.Release|Any CPU.ActiveCfg = Release|Any CPU
		{6324370B-EE3F-43FF-87F8-CB7BD52E539F}.Release|Any CPU.Build.0 = Release|Any CPU
		{2580DAA1-4D9C-46B1-AE9A-3BAFAE7768B8}.Debug|Any CPU.ActiveCfg = Debug|Any CPU
		{2580DAA1-4D9C-46B1-AE9A-3BAFAE7768B8}.Debug|Any CPU.Build.0 = Debug|Any CPU
		{2580DAA1-4D9C-46B1-AE9A-3BAFAE7768B8}.Release|Any CPU.ActiveCfg = Release|Any CPU
		{2580DAA1-4D9C-46B1-AE9A-3BAFAE7768B8}.Release|Any CPU.Build.0 = Release|Any CPU
		{E828A29A-9963-4810-B37F-74E6DDC62FFE}.Debug|Any CPU.ActiveCfg = Debug|Any CPU
		{E828A29A-9963-4810-B37F-74E6DDC62FFE}.Debug|Any CPU.Build.0 = Debug|Any CPU
		{E828A29A-9963-4810-B37F-74E6DDC62FFE}.Release|Any CPU.ActiveCfg = Release|Any CPU
		{E828A29A-9963-4810-B37F-74E6DDC62FFE}.Release|Any CPU.Build.0 = Release|Any CPU
		{5483B09D-C2CC-45A9-8E5F-E60A56098903}.Debug|Any CPU.ActiveCfg = Debug|Any CPU
		{5483B09D-C2CC-45A9-8E5F-E60A56098903}.Debug|Any CPU.Build.0 = Debug|Any CPU
		{5483B09D-C2CC-45A9-8E5F-E60A56098903}.Release|Any CPU.ActiveCfg = Release|Any CPU
		{5483B09D-C2CC-45A9-8E5F-E60A56098903}.Release|Any CPU.Build.0 = Release|Any CPU
	EndGlobalSection
	GlobalSection(SolutionProperties) = preSolution
		HideSolutionNode = FALSE
	EndGlobalSection
	GlobalSection(NestedProjects) = preSolution
		{6B80FACA-8570-456A-A412-DCD3EDBCBDE0} = {F99375EE-5102-4009-B483-9FCA928A4555}
		{0DBEF9BD-4564-4B0B-8F3D-9E115E3CE713} = {B3E31FE3-BB32-4CCD-B6B2-A2BCB354B0CE}
		{AD0A5131-D1FB-479F-82DA-5C1E2B88E9CF} = {B3E31FE3-BB32-4CCD-B6B2-A2BCB354B0CE}
		{BBEBD9ED-D541-40C2-A919-E160938B7440} = {2A690EAC-22D0-4917-86A4-7621788174A0}
		{D4248D0B-C170-4FD0-A8D9-8192AF42FB28} = {2A690EAC-22D0-4917-86A4-7621788174A0}
		{D1AB2211-62FD-4989-A5F9-11CA83322768} = {B3E31FE3-BB32-4CCD-B6B2-A2BCB354B0CE}
		{6324370B-EE3F-43FF-87F8-CB7BD52E539F} = {4D7A8EC2-EE0C-4A54-94B4-2C20F5530E2A}
		{2580DAA1-4D9C-46B1-AE9A-3BAFAE7768B8} = {4D7A8EC2-EE0C-4A54-94B4-2C20F5530E2A}
		{E828A29A-9963-4810-B37F-74E6DDC62FFE} = {2A690EAC-22D0-4917-86A4-7621788174A0}
		{5483B09D-C2CC-45A9-8E5F-E60A56098903} = {8D2DD56B-D256-48F6-B695-43AD749BF54F}
	EndGlobalSection
	GlobalSection(ExtensibilityGlobals) = postSolution
		SolutionGuid = {A74D90E1-AA10-4123-8D75-4F9D3918B985}
	EndGlobalSection
EndGlobal
